<?xml version="1.0" encoding="UTF-8"?>
<CONFIG>
  <ProjectOptions>
    <Version Value="12"/>
    <PathDelim Value="\"/>
    <General>
      <SessionStorage Value="InProjectDir"/>
      <Title Value="admiral"/>
      <Scaled Value="True"/>
      <ResourceType Value="res"/>
      <UseXPManifest Value="True"/>
      <XPManifest>
        <DpiAware Value="True"/>
      </XPManifest>
      <Icon Value="0"/>
    </General>
    <BuildModes>
      <Item Name="Default" Default="True"/>
    </BuildModes>
    <PublishOptions>
      <Version Value="2"/>
      <UseFileFilters Value="True"/>
    </PublishOptions>
    <RunParams>
      <FormatVersion Value="2"/>
    </RunParams>
    <RequiredPackages>
      <Item>
        <PackageName Value="tfpandroidbridge_pack"/>
      </Item>
      <Item>
        <PackageName Value="lazMapViewerPkg"/>
      </Item>
      <Item>
        <PackageName Value="pl_Cindy"/>
      </Item>
      <Item>
        <PackageName Value="XelContainers"/>
      </Item>
      <Item>
        <PackageName Value="bgracontrols"/>
      </Item>
      <Item>
        <PackageName Value="TAChartLazarusPkg"/>
      </Item>
      <Item>
        <PackageName Value="SynEditDsgn"/>
      </Item>
      <Item>
        <PackageName Value="SynEdit"/>
      </Item>
      <Item>
        <PackageName Value="zcomponentdesign"/>
      </Item>
      <Item>
        <PackageName Value="zcomponent"/>
      </Item>
      <Item>
        <PackageName Value="LCL"/>
      </Item>
    </RequiredPackages>
    <Units>
      <Unit>
        <Filename Value="admiral.lpr"/>
        <IsPartOfProject Value="True"/>
      </Unit>
      <Unit>
        <Filename Value="src\ui\forms\uformmain.pas"/>
        <IsPartOfProject Value="True"/>
        <ComponentName Value="FormMain"/>
        <HasResources Value="True"/>
        <ResourceBaseClass Value="Form"/>
        <UnitName Value="uFormMain"/>
      </Unit>
      <Unit>
        <Filename Value="src\ui\frames\uFrameDataGrid.pas"/>
        <IsPartOfProject Value="True"/>
        <ComponentName Value="FrameDataGrid"/>
        <HasResources Value="True"/>
        <ResourceBaseClass Value="Frame"/>
      </Unit>
      <Unit>
        <Filename Value="src\ui\frames\uFrameObjectTree.pas"/>
        <IsPartOfProject Value="True"/>
        <ComponentName Value="FrameObjectTree"/>
        <HasResources Value="True"/>
        <ResourceBaseClass Value="Frame"/>
      </Unit>
      <Unit>
        <Filename Value="src\ui\frames\uFrameQueryTab.pas"/>
        <IsPartOfProject Value="True"/>
        <ComponentName Value="FrameQueryTab"/>
        <HasResources Value="True"/>
        <ResourceBaseClass Value="Frame"/>
      </Unit>
      <Unit>
        <Filename Value="src\ui\frames\uFrameTableDDL.pas"/>
        <IsPartOfProject Value="True"/>
        <ComponentName Value="FrameTableDDL"/>
        <HasResources Value="True"/>
        <ResourceBaseClass Value="Frame"/>
      </Unit>
      <Unit>
        <Filename Value="src\ui\forms\uFormConnectionEdit.pas"/>
        <IsPartOfProject Value="True"/>
        <ComponentName Value="FormConnectionEdit"/>
        <HasResources Value="True"/>
        <ResourceBaseClass Value="Form"/>
      </Unit>
      <Unit>
        <Filename Value="src\ui\forms\uFormExportDialog.pas"/>
        <IsPartOfProject Value="True"/>
        <ComponentName Value="FormExportDialog"/>
        <HasResources Value="True"/>
        <ResourceBaseClass Value="Form"/>
      </Unit>
      <Unit>
        <Filename Value="src\threads\uExportWorkerThread.pas"/>
        <IsPartOfProject Value="True"/>
      </Unit>
      <Unit>
        <Filename Value="src\threads\uQueryWorkerThread.pas"/>
        <IsPartOfProject Value="True"/>
      </Unit>
      <Unit>
        <Filename Value="src\services\uExportService.pas"/>
        <IsPartOfProject Value="True"/>
      </Unit>
      <Unit>
        <Filename Value="src\services\uHistoryService.pas"/>
        <IsPartOfProject Value="True"/>
      </Unit>
      <Unit>
        <Filename Value="src\models\uModelConnection.pas"/>
        <IsPartOfProject Value="True"/>
      </Unit>
      <Unit>
        <Filename Value="src\models\uModelQueryHistory.pas"/>
        <IsPartOfProject Value="True"/>
      </Unit>
      <Unit>
        <Filename Value="src\models\uModelSchemaObject.pas"/>
        <IsPartOfProject Value="True"/>
      </Unit>
      <Unit>
        <Filename Value="src\db\uDBConnectionFactory.pas"/>
        <IsPartOfProject Value="True"/>
      </Unit>
      <Unit>
        <Filename Value="src\db\uDBDriverBase.pas"/>
        <IsPartOfProject Value="True"/>
      </Unit>
      <Unit>
        <Filename Value="src\db\uDBTypes.pas"/>
        <IsPartOfProject Value="True"/>
      </Unit>
      <Unit>
        <Filename Value="src\db\metadata\uDDLGenerator.pas"/>
        <IsPartOfProject Value="True"/>
      </Unit>
      <Unit>
        <Filename Value="src\db\metadata\uMetadataExtractor.pas"/>
        <IsPartOfProject Value="True"/>
      </Unit>
      <Unit>
        <Filename Value="src\db\drivers\uDriverFirebird.pas"/>
        <IsPartOfProject Value="True"/>
      </Unit>
      <Unit>
        <Filename Value="src\db\drivers\uDriverMariaDB.pas"/>
        <IsPartOfProject Value="True"/>
      </Unit>
      <Unit>
        <Filename Value="src\db\drivers\uDriverMySQL.pas"/>
        <IsPartOfProject Value="True"/>
      </Unit>
      <Unit>
        <Filename Value="src\db\drivers\uDriverPostgreSQL.pas"/>
        <IsPartOfProject Value="True"/>
      </Unit>
      <Unit>
        <Filename Value="src\db\drivers\uDriverSQLite.pas"/>
        <IsPartOfProject Value="True"/>
      </Unit>
      <Unit>
        <Filename Value="src\core\uAppConst.pas"/>
        <IsPartOfProject Value="True"/>
      </Unit>
      <Unit>
        <Filename Value="src\core\uAppTypes.pas"/>
        <IsPartOfProject Value="True"/>
      </Unit>
      <Unit>
        <Filename Value="src\core\uAppUtils.pas"/>
        <IsPartOfProject Value="True"/>
      </Unit>
      <Unit>
        <Filename Value="src\core\storage\uLocalStorage.pas"/>
        <IsPartOfProject Value="True"/>
      </Unit>
      <Unit>
        <Filename Value="src\core\storage\uStorageMigrations.pas"/>
        <IsPartOfProject Value="True"/>
      </Unit>
      <Unit>
        <Filename Value="src\core\storage\uStorageMigrator.pas"/>
        <IsPartOfProject Value="True"/>
      </Unit>
      <Unit>
        <Filename Value="src\core\storage\uStorageSeeder.pas"/>
        <IsPartOfProject Value="True"/>
      </Unit>
      <Unit>
        <Filename Value="src\ui\frames\uframevalueinspector.pas"/>
        <IsPartOfProject Value="True"/>
        <ComponentName Value="FrameValueInspector"/>
        <HasResources Value="True"/>
        <ResourceBaseClass Value="Frame"/>
        <UnitName Value="uFrameValueInspector"/>
      </Unit>
      <Unit>
        <Filename Value="src\db\udbusermanagerservice.pas"/>
        <IsPartOfProject Value="True"/>
        <UnitName Value="uDBUserManagerService"/>
      </Unit>
      <Unit>
        <Filename Value="src\ui\forms\uformusermanager.pas"/>
        <IsPartOfProject Value="True"/>
        <ComponentName Value="FormUserManager"/>
        <HasResources Value="True"/>
        <ResourceBaseClass Value="Form"/>
        <UnitName Value="uFormUserManager"/>
      </Unit>
      <Unit>
        <Filename Value="src\db\udbprocessmanagerservice.pas"/>
        <IsPartOfProject Value="True"/>
        <UnitName Value="uDBProcessManagerService"/>
      </Unit>
      <Unit>
        <Filename Value="src\ui\forms\uformprocessmanager.pas"/>
        <IsPartOfProject Value="True"/>
        <ComponentName Value="FormProcessManager"/>
        <HasResources Value="True"/>
        <ResourceBaseClass Value="Form"/>
        <UnitName Value="uFormProcessManager"/>
      </Unit>
      <Unit>
        <Filename Value="src\db\udbservervariablesservice.pas"/>
        <IsPartOfProject Value="True"/>
        <UnitName Value="uDBServerVariablesService"/>
      </Unit>
      <Unit>
        <Filename Value="src\ui\forms\uformservervariables.pas"/>
        <IsPartOfProject Value="True"/>
        <ComponentName Value="FormServerVariables"/>
        <HasResources Value="True"/>
        <ResourceBaseClass Value="Form"/>
        <UnitName Value="uFormServerVariables"/>
      </Unit>
      <Unit>
        <Filename Value="src\ui\hot\uerdmodel.pas"/>
        <IsPartOfProject Value="True"/>
        <UnitName Value="uERDModel"/>
      </Unit>
      <Unit>
        <Filename Value="src\ui\hot\uerdservice.pas"/>
        <IsPartOfProject Value="True"/>
        <UnitName Value="uERDService"/>
      </Unit>
      <Unit>
        <Filename Value="src\ui\forms\uformerdviewer.pas"/>
        <IsPartOfProject Value="True"/>
        <ComponentName Value="FormERDViewer"/>
        <HasResources Value="True"/>
        <ResourceBaseClass Value="Form"/>
        <UnitName Value="uFormERDViewer"/>
      </Unit>
      <Unit>
        <Filename Value="src\models\umodelvisualquery.pas"/>
        <IsPartOfProject Value="True"/>
        <UnitName Value="uModelVisualQuery"/>
      </Unit>
      <Unit>
        <Filename Value="src\ui\forms\uformquerybuilder.pas"/>
        <IsPartOfProject Value="True"/>
        <ComponentName Value="FormQueryBuilder"/>
        <HasResources Value="True"/>
        <ResourceBaseClass Value="Form"/>
        <UnitName Value="uFormQueryBuilder"/>
      </Unit>
      <Unit>
        <Filename Value="src\ui\forms\uformrecordview.pas"/>
        <IsPartOfProject Value="True"/>
        <ComponentName Value="FormRecordView"/>
        <HasResources Value="True"/>
        <ResourceBaseClass Value="Form"/>
        <UnitName Value="uFormRecordView"/>
      </Unit>
      <Unit>
        <Filename Value="src\threads\uimportworkerthread.pas"/>
        <IsPartOfProject Value="True"/>
        <UnitName Value="uImportWorkerThread"/>
      </Unit>
      <Unit>
        <Filename Value="src\ui\forms\uformimportdata.pas"/>
        <IsPartOfProject Value="True"/>
        <ComponentName Value="FormImportData"/>
        <HasResources Value="True"/>
        <ResourceBaseClass Value="Form"/>
        <UnitName Value="uFormImportData"/>
      </Unit>
      <Unit>
        <Filename Value="src\models\umodeltablebuilder.pas"/>
        <IsPartOfProject Value="True"/>
        <UnitName Value="uModelTableBuilder"/>
      </Unit>
      <Unit>
        <Filename Value="src\ui\forms\uformtablebuilder.pas"/>
        <IsPartOfProject Value="True"/>
        <ComponentName Value="FormTableBuilder"/>
        <HasResources Value="True"/>
        <ResourceBaseClass Value="Form"/>
        <UnitName Value="uFormTableBuilder"/>
      </Unit>
      <Unit>
        <Filename Value="src\db\uschemadiffengine.pas"/>
        <IsPartOfProject Value="True"/>
        <UnitName Value="uSchemaDiffEngine"/>
      </Unit>
      <Unit>
        <Filename Value="src\ui\forms\uformschemadiff.pas"/>
        <IsPartOfProject Value="True"/>
        <ComponentName Value="FormSchemaDiff"/>
        <HasResources Value="True"/>
        <ResourceBaseClass Value="Form"/>
        <UnitName Value="uFormSchemaDiff"/>
      </Unit>
      <Unit>
        <Filename Value="src\services\uaiservice.pas"/>
        <IsPartOfProject Value="True"/>
        <UnitName Value="uAIService"/>
      </Unit>
      <Unit>
        <Filename Value="src\ui\forms\uformaisettings.pas"/>
        <IsPartOfProject Value="True"/>
        <ComponentName Value="FormAISettings"/>
        <HasResources Value="True"/>
        <ResourceBaseClass Value="Form"/>
        <UnitName Value="uFormAISettings"/>
      </Unit>
      <Unit>
        <Filename Value="src\ai\uaidiagnosticsengine.pas"/>
        <IsPartOfProject Value="True"/>
        <UnitName Value="uAIDiagnosticsEngine"/>
      </Unit>
      <Unit>
        <Filename Value="src\ai\uformaidiagnostic.pas"/>
        <IsPartOfProject Value="True"/>
        <ComponentName Value="FormAIDiagnostic"/>
        <HasResources Value="True"/>
        <ResourceBaseClass Value="Form"/>
        <UnitName Value="uFormAIDiagnostic"/>
      </Unit>
      <Unit>
        <Filename Value="src\ai\uaioptimizerengine.pas"/>
        <IsPartOfProject Value="True"/>
        <UnitName Value="uAIOptimizerEngine"/>
      </Unit>
      <Unit>
        <Filename Value="src\ai\uformaioptimizer.pas"/>
        <IsPartOfProject Value="True"/>
        <ComponentName Value="FormAIOptimizer"/>
        <HasResources Value="True"/>
        <ResourceBaseClass Value="Form"/>
        <UnitName Value="uFormAIOptimizer"/>
      </Unit>
      <Unit>
        <Filename Value="src\ai\uaiexplainerengine.pas"/>
        <IsPartOfProject Value="True"/>
        <UnitName Value="uAIExplainerEngine"/>
      </Unit>
      <Unit>
        <Filename Value="src\ai\uformaiexplainer.pas"/>
        <IsPartOfProject Value="True"/>
        <ComponentName Value="FormAIExplainer"/>
        <HasResources Value="True"/>
        <ResourceBaseClass Value="Form"/>
        <UnitName Value="uFormAIExplainer"/>
      </Unit>
      <Unit>
        <Filename Value="src\db\udatatransferengine.pas"/>
        <IsPartOfProject Value="True"/>
        <UnitName Value="uDataTransferEngine"/>
      </Unit>
      <Unit>
        <Filename Value="src\ui\forms\uformdatatransfer.pas"/>
        <IsPartOfProject Value="True"/>
        <ComponentName Value="FormDataTransfer"/>
        <HasResources Value="True"/>
        <ResourceBaseClass Value="Form"/>
        <UnitName Value="uFormDataTransfer"/>
      </Unit>
      <Unit>
        <Filename Value="src\ui\frames\uframevisualchart.pas"/>
        <IsPartOfProject Value="True"/>
        <ComponentName Value="FrameVisualChart"/>
        <HasResources Value="True"/>
        <ResourceBaseClass Value="Frame"/>
        <UnitName Value="uFrameVisualChart"/>
      </Unit>
      <Unit>
        <Filename Value="src\db\ugridconfig.pas"/>
        <IsPartOfProject Value="True"/>
        <UnitName Value="uGridConfig"/>
      </Unit>
      <Unit>
        <Filename Value="src\ui\forms\uformgridsettings.pas"/>
        <IsPartOfProject Value="True"/>
        <ComponentName Value="FormGridSettings"/>
        <HasResources Value="True"/>
        <ResourceBaseClass Value="Form"/>
        <UnitName Value="uFormGridSettings"/>
      </Unit>
      <Unit>
        <Filename Value="src\services\usqlloggerservice.pas"/>
        <IsPartOfProject Value="True"/>
        <UnitName Value="uSQLLoggerService"/>
      </Unit>
      <Unit>
        <Filename Value="src\ui\frames\uframesqllog.pas"/>
        <IsPartOfProject Value="True"/>
        <ComponentName Value="FrameSQLLog"/>
        <HasResources Value="True"/>
        <ResourceBaseClass Value="Frame"/>
        <UnitName Value="uFrameSQLLog"/>
      </Unit>
      <Unit>
        <Filename Value="src\services\ubackuprestoreengine.pas"/>
        <IsPartOfProject Value="True"/>
        <UnitName Value="uBackupRestoreEngine"/>
      </Unit>
      <Unit>
        <Filename Value="src\services\uformbackuprestore.pas"/>
        <IsPartOfProject Value="True"/>
        <ComponentName Value="Form1"/>
        <HasResources Value="True"/>
        <ResourceBaseClass Value="Form"/>
        <UnitName Value="uFormBackupRestore"/>
      </Unit>
      <Unit>
        <Filename Value="src\services\usafemodeguardrails.pas"/>
        <IsPartOfProject Value="True"/>
        <UnitName Value="uSafeModeGuardrails"/>
      </Unit>
      <Unit>
        <Filename Value="src\ui\forms\uformsafemodewarning.pas"/>
        <IsPartOfProject Value="True"/>
        <ComponentName Value="FormSafeModeWarning"/>
        <HasResources Value="True"/>
        <ResourceBaseClass Value="Form"/>
        <UnitName Value="uFormSafeModeWarning"/>
      </Unit>
      <Unit>
        <Filename Value="src\services\uservermetricscollector.pas"/>
        <IsPartOfProject Value="True"/>
        <UnitName Value="uServerMetricsCollector"/>
      </Unit>
      <Unit>
        <Filename Value="src\ui\forms\uformlivemetrics.pas"/>
        <IsPartOfProject Value="True"/>
        <ComponentName Value="FormLiveMetrics"/>
        <HasResources Value="True"/>
        <ResourceBaseClass Value="Form"/>
        <UnitName Value="uFormLiveMetrics"/>
      </Unit>
      <Unit>
        <Filename Value="src\ui\frames\uframewelcomedashboard.pas"/>
        <IsPartOfProject Value="True"/>
        <ComponentName Value="FrameWelcomeDashboard"/>
        <HasResources Value="True"/>
        <ResourceBaseClass Value="Frame"/>
        <UnitName Value="uFrameWelcomeDashboard"/>
      </Unit>
      <Unit>
        <Filename Value="src\db\ucrosstabqueryengine.pas"/>
        <IsPartOfProject Value="True"/>
        <UnitName Value="uCrosstabQueryEngine"/>
      </Unit>
      <Unit>
        <Filename Value="src\ui\forms\uformcrosstabbuilder.pas"/>
        <IsPartOfProject Value="True"/>
        <ComponentName Value="FormCrosstabBuilder"/>
        <HasResources Value="True"/>
        <ResourceBaseClass Value="Form"/>
        <UnitName Value="uFormCrosstabBuilder"/>
      </Unit>
      <Unit>
        <Filename Value="src\models\umodelrestconfig.pas"/>
        <IsPartOfProject Value="True"/>
        <UnitName Value="uModelRESTConfig"/>
      </Unit>
      <Unit>
        <Filename Value="src\services\urestgeneratornodejs.pas"/>
        <IsPartOfProject Value="True"/>
        <UnitName Value="uRESTGeneratorNodeJS"/>
      </Unit>
      <Unit>
        <Filename Value="src\ui\forms\uformrestgeneratorwizard.pas"/>
        <IsPartOfProject Value="True"/>
        <ComponentName Value="FormRESTGeneratorWizard"/>
        <HasResources Value="True"/>
        <ResourceBaseClass Value="Form"/>
        <UnitName Value="uFormRESTGeneratorWizard"/>
      </Unit>
      <Unit>
        <Filename Value="src\services\urestgeneratorfastapi.pas"/>
        <IsPartOfProject Value="True"/>
        <UnitName Value="uRESTGeneratorFastAPI"/>
      </Unit>
      <Unit>
        <Filename Value="src\services\urestgeneratorgofiber.pas"/>
        <IsPartOfProject Value="True"/>
        <UnitName Value="uRESTGeneratorGoFiber"/>
      </Unit>
      <Unit>
        <Filename Value="src\services\urestgeneratorphp.pas"/>
        <IsPartOfProject Value="True"/>
        <UnitName Value="uRESTGeneratorPHP"/>
      </Unit>
      <Unit>
        <Filename Value="src\ui\forms\uformsplash.pas"/>
        <IsPartOfProject Value="True"/>
        <ComponentName Value="FormSplash"/>
        <HasResources Value="True"/>
        <ResourceBaseClass Value="Form"/>
        <UnitName Value="uFormSplash"/>
      </Unit>
      <Unit>
        <Filename Value="src\ui\forms\uformabout.pas"/>
        <IsPartOfProject Value="True"/>
        <ComponentName Value="FormAbout"/>
        <HasResources Value="True"/>
        <ResourceBaseClass Value="Form"/>
        <UnitName Value="uFormAbout"/>
      </Unit>
      <Unit>
        <Filename Value="src\services\udbextensionservice.pas"/>
        <IsPartOfProject Value="True"/>
        <UnitName Value="uDBExtensionService"/>
      </Unit>
      <Unit>
        <Filename Value="src\ui\forms\uformextensionmanager.pas"/>
        <IsPartOfProject Value="True"/>
        <ComponentName Value="FormExtensionManager"/>
        <HasResources Value="True"/>
        <ResourceBaseClass Value="Form"/>
        <UnitName Value="uFormExtensionManager"/>
      </Unit>
      <Unit>
        <Filename Value="src\ui\forms\usshtunnelservice.pas"/>
        <IsPartOfProject Value="True"/>
        <UnitName Value="uSSHTunnelService"/>
      </Unit>
      <Unit>
        <Filename Value="src\services\uthememanager.pas"/>
        <IsPartOfProject Value="True"/>
        <UnitName Value="uThemeManager"/>
      </Unit>
      <Unit>
        <Filename Value="src\services\uappsettings.pas"/>
        <IsPartOfProject Value="True"/>
        <UnitName Value="uAppSettings"/>
      </Unit>
      <Unit>
        <Filename Value="src\ui\forms\uformappsettings.pas"/>
        <IsPartOfProject Value="True"/>
        <ComponentName Value="FormAppSettings"/>
        <HasResources Value="True"/>
        <ResourceBaseClass Value="Form"/>
        <UnitName Value="uFormAppSettings"/>
      </Unit>
      <Unit>
        <Filename Value="src\services\uerdforwardengine.pas"/>
        <IsPartOfProject Value="True"/>
        <UnitName Value="uERDForwardEngine"/>
      </Unit>
      <Unit>
        <Filename Value="src\ui\forms\uformerdtableeditor.pas"/>
        <IsPartOfProject Value="True"/>
        <ComponentName Value="FormERDTableEditor"/>
        <HasResources Value="True"/>
        <ResourceBaseClass Value="Form"/>
        <UnitName Value="uFormERDTableEditor"/>
      </Unit>
      <Unit>
        <Filename Value="src\ui\frames\uframedbterminal.pas"/>
        <IsPartOfProject Value="True"/>
        <ComponentName Value="FrameDBTerminal"/>
        <HasResources Value="True"/>
        <ResourceBaseClass Value="Frame"/>
        <UnitName Value="uFrameDBTerminal"/>
      </Unit>
      <Unit>
        <Filename Value="src\ui\frames\uframemapviewer.pas"/>
        <IsPartOfProject Value="True"/>
        <ComponentName Value="FrameMapViewer"/>
        <HasResources Value="True"/>
        <ResourceBaseClass Value="Frame"/>
        <UnitName Value="uFrameMapViewer"/>
      </Unit>
    </Units>
  </ProjectOptions>
  <CompilerOptions>
    <Version Value="11"/>
    <PathDelim Value="\"/>
    <Target>
      <Filename Value="admiral"/>
    </Target>
    <SearchPaths>
      <IncludeFiles Value="$(ProjOutDir)"/>
      <OtherUnitFiles Value="src\ui\forms;src\ui\frames;src\threads;src\services;src\models;src\db;src\db\metadata;src\db\drivers;src\core;src\core\storage;src\ui\hot;src\ai"/>
      <UnitOutputDirectory Value="lib\$(TargetCPU)-$(TargetOS)"/>
    </SearchPaths>
    <Linking>
      <Debugging>
        <GenerateDebugInfo Value="False"/>
        <RunWithoutDebug Value="True"/>
        <DebugInfoType Value="dsDwarf3"/>
        <StripSymbols Value="True"/>
      </Debugging>
      <Options>
        <Win32>
          <GraphicApplication Value="True"/>
        </Win32>
      </Options>
    </Linking>
  </CompilerOptions>
  <Debugging>
    <Exceptions>
      <Item>
        <Name Value="EAbort"/>
      </Item>
      <Item>
        <Name Value="ECodetoolError"/>
      </Item>
      <Item>
        <Name Value="EFOpenError"/>
      </Item>
    </Exceptions>
  </Debugging>
</CONFIG>
